// !$*UTF8*$!
{
	archiveVersion = 1;
	classes = {
	};
	objectVersion = 50;
	objects = {

/* Begin PBXBuildFile section */
		2F6FEB7C22E587120052E5F9 /* PracticeViewController.swift in Sources */ = {isa = PBXBuildFile; fileRef = 2F6FEB7B22E587120052E5F9 /* PracticeViewController.swift */; };
		2F6FEBBD22E6EB430052E5F9 /* PracticeData.swift in Sources */ = {isa = PBXBuildFile; fileRef = 2F6FEBBC22E6EB430052E5F9 /* PracticeData.swift */; };
		2F7F210222E9569600223010 /* PopupWindows.swift in Sources */ = {isa = PBXBuildFile; fileRef = 2F7F210122E9569600223010 /* PopupWindows.swift */; };
		2F7F212422EAC12C00223010 /* SoundData.swift in Sources */ = {isa = PBXBuildFile; fileRef = 2F7F212322EAC12C00223010 /* SoundData.swift */; };
		2F7F212822EAC33600223010 /* SoundRecordController.swift in Sources */ = {isa = PBXBuildFile; fileRef = 2F7F212722EAC33600223010 /* SoundRecordController.swift */; };
		2FBD22CD22E19EFD00D9106D /* AppDelegate.swift in Sources */ = {isa = PBXBuildFile; fileRef = 2FBD22CC22E19EFD00D9106D /* AppDelegate.swift */; };
		2FBD22CF22E19EFD00D9106D /* ViewController.swift in Sources */ = {isa = PBXBuildFile; fileRef = 2FBD22CE22E19EFD00D9106D /* ViewController.swift */; };
		2FBD22D222E19EFE00D9106D /* HarmonicaPractice.xcdatamodeld in Sources */ = {isa = PBXBuildFile; fileRef = 2FBD22D022E19EFD00D9106D /* HarmonicaPractice.xcdatamodeld */; };
		2FBD22D422E19F0600D9106D /* Assets.xcassets in Resources */ = {isa = PBXBuildFile; fileRef = 2FBD22D322E19F0600D9106D /* Assets.xcassets */; };
		2FBD22D722E19F0600D9106D /* Main.storyboard in Resources */ = {isa = PBXBuildFile; fileRef = 2FBD22D522E19F0600D9106D /* Main.storyboard */; };
		2FBD231B22E559DF00D9106D /* MainTabController.swift in Sources */ = {isa = PBXBuildFile; fileRef = 2FBD231A22E559DF00D9106D /* MainTabController.swift */; };
		2FDD26C322E8765800FF4557 /* AccompanyController.swift in Sources */ = {isa = PBXBuildFile; fileRef = 2FDD26C222E8765800FF4557 /* AccompanyController.swift */; };
/* End PBXBuildFile section */

/* Begin PBXFileReference section */
		2F6FEB7B22E587120052E5F9 /* PracticeViewController.swift */ = {isa = PBXFileReference; lastKnownFileType = sourcecode.swift; path = PracticeViewController.swift; sourceTree = "<group>"; };
		2F6FEBBC22E6EB430052E5F9 /* PracticeData.swift */ = {isa = PBXFileReference; lastKnownFileType = sourcecode.swift; path = PracticeData.swift; sourceTree = "<group>"; };
		2F7F210122E9569600223010 /* PopupWindows.swift */ = {isa = PBXFileReference; lastKnownFileType = sourcecode.swift; path = PopupWindows.swift; sourceTree = "<group>"; };
		2F7F212322EAC12C00223010 /* SoundData.swift */ = {isa = PBXFileReference; lastKnownFileType = sourcecode.swift; path = SoundData.swift; sourceTree = "<group>"; };
		2F7F212722EAC33600223010 /* SoundRecordController.swift */ = {isa = PBXFileReference; lastKnownFileType = sourcecode.swift; path = SoundRecordController.swift; sourceTree = "<group>"; };
		2FBD22C922E19EFD00D9106D /* HarmonicaPractice.app */ = {isa = PBXFileReference; explicitFileType = wrapper.application; includeInIndex = 0; path = HarmonicaPractice.app; sourceTree = BUILT_PRODUCTS_DIR; };
		2FBD22CC22E19EFD00D9106D /* AppDelegate.swift */ = {isa = PBXFileReference; lastKnownFileType = sourcecode.swift; path = AppDelegate.swift; sourceTree = "<group>"; };
		2FBD22CE22E19EFD00D9106D /* ViewController.swift */ = {isa = PBXFileReference; lastKnownFileType = sourcecode.swift; path = ViewController.swift; sourceTree = "<group>"; };
		2FBD22D122E19EFD00D9106D /* HarmonicaPractice.xcdatamodel */ = {isa = PBXFileReference; lastKnownFileType = wrapper.xcdatamodel; path = HarmonicaPractice.xcdatamodel; sourceTree = "<group>"; };
		2FBD22D322E19F0600D9106D /* Assets.xcassets */ = {isa = PBXFileReference; lastKnownFileType = folder.assetcatalog; path = Assets.xcassets; sourceTree = "<group>"; };
		2FBD22D622E19F0600D9106D /* Base */ = {isa = PBXFileReference; lastKnownFileType = file.storyboard; name = Base; path = Base.lproj/Main.storyboard; sourceTree = "<group>"; };
		2FBD22D822E19F0600D9106D /* Info.plist */ = {isa = PBXFileReference; lastKnownFileType = text.plist.xml; path = Info.plist; sourceTree = "<group>"; };
		2FBD22D922E19F0600D9106D /* HarmonicaPractice.entitlements */ = {isa = PBXFileReference; lastKnownFileType = text.plist.entitlements; path = HarmonicaPractice.entitlements; sourceTree = "<group>"; };
		2FBD231A22E559DF00D9106D /* MainTabController.swift */ = {isa = PBXFileReference; lastKnownFileType = sourcecode.swift; path = MainTabController.swift; sourceTree = "<group>"; };
		2FDD26C222E8765800FF4557 /* AccompanyController.swift */ = {isa = PBXFileReference; lastKnownFileType = sourcecode.swift; path = AccompanyController.swift; sourceTree = "<group>"; };
/* End PBXFileReference section */

/* Begin PBXFrameworksBuildPhase section */
		2FBD22C622E19EFD00D9106D /* Frameworks */ = {
			isa = PBXFrameworksBuildPhase;
			buildActionMask = 2147483647;
			files = (
			);
			runOnlyForDeploymentPostprocessing = 0;
		};
/* End PBXFrameworksBuildPhase section */

/* Begin PBXGroup section */
		2F6FEB7A22E586750052E5F9 /* PracticePage */ = {
			isa = PBXGroup;
			children = (
				2F6FEBBC22E6EB430052E5F9 /* PracticeData.swift */,
				2F6FEB7B22E587120052E5F9 /* PracticeViewController.swift */,
				2FDD26C222E8765800FF4557 /* AccompanyController.swift */,
				2F7F210122E9569600223010 /* PopupWindows.swift */,
			);
			path = PracticePage;
			sourceTree = "<group>";
		};
		2F6FEB7D22E58EAD0052E5F9 /* SoundRecordingPage */ = {
			isa = PBXGroup;
			children = (
				2F7F212322EAC12C00223010 /* SoundData.swift */,
				2F7F212722EAC33600223010 /* SoundRecordController.swift */,
			);
			path = SoundRecordingPage;
			sourceTree = "<group>";
		};
		2FBD22C022E19EFD00D9106D = {
			isa = PBXGroup;
			children = (
				2FBD22CB22E19EFD00D9106D /* HarmonicaPractice */,
				2F6FEB7A22E586750052E5F9 /* PracticePage */,
				2F6FEB7D22E58EAD0052E5F9 /* SoundRecordingPage */,
				2FBD22CA22E19EFD00D9106D /* Products */,
			);
			sourceTree = "<group>";
		};
		2FBD22CA22E19EFD00D9106D /* Products */ = {
			isa = PBXGroup;
			children = (
				2FBD22C922E19EFD00D9106D /* HarmonicaPractice.app */,
			);
			name = Products;
			sourceTree = "<group>";
		};
		2FBD22CB22E19EFD00D9106D /* HarmonicaPractice */ = {
			isa = PBXGroup;
			children = (
				2FBD22CC22E19EFD00D9106D /* AppDelegate.swift */,
				2FBD22CE22E19EFD00D9106D /* ViewController.swift */,
				2FBD22D322E19F0600D9106D /* Assets.xcassets */,
				2FBD22D522E19F0600D9106D /* Main.storyboard */,
				2FBD22D822E19F0600D9106D /* Info.plist */,
				2FBD22D922E19F0600D9106D /* HarmonicaPractice.entitlements */,
				2FBD22D022E19EFD00D9106D /* HarmonicaPractice.xcdatamodeld */,
				2FBD231A22E559DF00D9106D /* MainTabController.swift */,
			);
			path = HarmonicaPractice;
			sourceTree = "<group>";
		};
/* End PBXGroup section */

/* Begin PBXNativeTarget section */
		2FBD22C822E19EFD00D9106D /* HarmonicaPractice */ = {
			isa = PBXNativeTarget;
			buildConfigurationList = 2FBD22DC22E19F0600D9106D /* Build configuration list for PBXNativeTarget "HarmonicaPractice" */;
			buildPhases = (
				2FBD22C522E19EFD00D9106D /* Sources */,
				2FBD22C622E19EFD00D9106D /* Frameworks */,
				2FBD22C722E19EFD00D9106D /* Resources */,
			);
			buildRules = (
			);
			dependencies = (
			);
			name = HarmonicaPractice;
			productName = HarmonicaPractice;
			productReference = 2FBD22C922E19EFD00D9106D /* HarmonicaPractice.app */;
			productType = "com.apple.product-type.application";
		};
/* End PBXNativeTarget section */

/* Begin PBXProject section */
		2FBD22C122E19EFD00D9106D /* Project object */ = {
			isa = PBXProject;
			attributes = {
				LastSwiftUpdateCheck = 1010;
				LastUpgradeCheck = 1010;
				ORGANIZATIONNAME = yang;
				TargetAttributes = {
					2FBD22C822E19EFD00D9106D = {
						CreatedOnToolsVersion = 10.1;
						SystemCapabilities = {
							com.apple.Sandbox = {
								enabled = 1;
							};
						};
					};
				};
			};
			buildConfigurationList = 2FBD22C422E19EFD00D9106D /* Build configuration list for PBXProject "HarmonicaPractice" */;
			compatibilityVersion = "Xcode 9.3";
			developmentRegion = en;
			hasScannedForEncodings = 0;
			knownRegions = (
				en,
				Base,
			);
			mainGroup = 2FBD22C022E19EFD00D9106D;
			productRefGroup = 2FBD22CA22E19EFD00D9106D /* Products */;
			projectDirPath = "";
			projectRoot = "";
			targets = (
				2FBD22C822E19EFD00D9106D /* HarmonicaPractice */,
			);
		};
/* End PBXProject section */

/* Begin PBXResourcesBuildPhase section */
		2FBD22C722E19EFD00D9106D /* Resources */ = {
			isa = PBXResourcesBuildPhase;
			buildActionMask = 2147483647;
			files = (
				2FBD22D422E19F0600D9106D /* Assets.xcassets in Resources */,
				2FBD22D722E19F0600D9106D /* Main.storyboard in Resources */,
			);
			runOnlyForDeploymentPostprocessing = 0;
		};
/* End PBXResourcesBuildPhase section */

/* Begin PBXSourcesBuildPhase section */
		2FBD22C522E19EFD00D9106D /* Sources */ = {
			isa = PBXSourcesBuildPhase;
			buildActionMask = 2147483647;
			files = (
				2F7F210222E9569600223010 /* PopupWindows.swift in Sources */,
				2FBD22D222E19EFE00D9106D /* HarmonicaPractice.xcdatamodeld in Sources */,
				2F6FEBBD22E6EB430052E5F9 /* PracticeData.swift in Sources */,
				2FBD22CF22E19EFD00D9106D /* ViewController.swift in Sources */,
				2F7F212822EAC33600223010 /* SoundRecordController.swift in Sources */,
				2F7F212422EAC12C00223010 /* SoundData.swift in Sources */,
				2FBD231B22E559DF00D9106D /* MainTabController.swift in Sources */,
				2F6FEB7C22E587120052E5F9 /* PracticeViewController.swift in Sources */,
				2FBD22CD22E19EFD00D9106D /* AppDelegate.swift in Sources */,
				2FDD26C322E8765800FF4557 /* AccompanyController.swift in Sources */,
			);
			runOnlyForDeploymentPostprocessing = 0;
		};
/* End PBXSourcesBuildPhase section */

/* Begin PBXVariantGroup section */
		2FBD22D522E19F0600D9106D /* Main.storyboard */ = {
			isa = PBXVariantGroup;
			children = (
				2FBD22D622E19F0600D9106D /* Base */,
			);
			name = Main.storyboard;
			sourceTree = "<group>";
		};
/* End PBXVariantGroup section */

/* Begin XCBuildConfiguration section */
		2FBD22DA22E19F0600D9106D /* Debug */ = {
			isa = XCBuildConfiguration;
			buildSettings = {
				ALWAYS_SEARCH_USER_PATHS = NO;
				CLANG_ANALYZER_NONNULL = YES;
				CLANG_ANALYZER_NUMBER_OBJECT_CONVERSION = YES_AGGRESSIVE;
				CLANG_CXX_LANGUAGE_STANDARD = "gnu++14";
				CLANG_CXX_LIBRARY = "libc++";
				CLANG_ENABLE_MODULES = YES;
				CLANG_ENABLE_OBJC_ARC = YES;
				CLANG_ENABLE_OBJC_WEAK = YES;
				CLANG_WARN_BLOCK_CAPTURE_AUTORELEASING = YES;
				CLANG_WARN_BOOL_CONVERSION = YES;
				CLANG_WARN_COMMA = YES;
				CLANG_WARN_CONSTANT_CONVERSION = YES;
				CLANG_WARN_DEPRECATED_OBJC_IMPLEMENTATIONS = YES;
				CLANG_WARN_DIRECT_OBJC_ISA_USAGE = YES_ERROR;
				CLANG_WARN_DOCUMENTATION_COMMENTS = YES;
				CLANG_WARN_EMPTY_BODY = YES;
				CLANG_WARN_ENUM_CONVERSION = YES;
				CLANG_WARN_INFINITE_RECURSION = YES;
				CLANG_WARN_INT_CONVERSION = YES;
				CLANG_WARN_NON_LITERAL_NULL_CONVERSION = YES;
				CLANG_WARN_OBJC_IMPLICIT_RETAIN_SELF = YES;
				CLANG_WARN_OBJC_LITERAL_CONVERSION = YES;
				CLANG_WARN_OBJC_ROOT_CLASS = YES_ERROR;
				CLANG_WARN_RANGE_LOOP_ANALYSIS = YES;
				CLANG_WARN_STRICT_PROTOTYPES = YES;
				CLANG_WARN_SUSPICIOUS_MOVE = YES;
				CLANG_WARN_UNGUARDED_AVAILABILITY = YES_AGGRESSIVE;
				CLANG_WARN_UNREACHABLE_CODE = YES;
				CLANG_WARN__DUPLICATE_METHOD_MATCH = YES;
				CODE_SIGN_IDENTITY = "Mac Developer";
				COPY_PHASE_STRIP = NO;
				DEBUG_INFORMATION_FORMAT = dwarf;
				ENABLE_STRICT_OBJC_MSGSEND = YES;
				ENABLE_TESTABILITY = YES;
				GCC_C_LANGUAGE_STANDARD = gnu11;
				GCC_DYNAMIC_NO_PIC = NO;
				GCC_NO_COMMON_BLOCKS = YES;
				GCC_OPTIMIZATION_LEVEL = 0;
				GCC_PREPROCESSOR_DEFINITIONS = (
					"DEBUG=1",
					"$(inherited)",
				);
				GCC_WARN_64_TO_32_BIT_CONVERSION = YES;
				GCC_WARN_ABOUT_RETURN_TYPE = YES_ERROR;
				GCC_WARN_UNDECLARED_SELECTOR = YES;
				GCC_WARN_UNINITIALIZED_AUTOS = YES_AGGRESSIVE;
				GCC_WARN_UNUSED_FUNCTION = YES;
				GCC_WARN_UNUSED_VARIABLE = YES;
				MACOSX_DEPLOYMENT_TARGET = 10.14;
				MTL_ENABLE_DEBUG_INFO = INCLUDE_SOURCE;
				MTL_FAST_MATH = YES;
				ONLY_ACTIVE_ARCH = YES;
				SDKROOT = macosx;
				SWIFT_ACTIVE_COMPILATION_CONDITIONS = DEBUG;
				SWIFT_OPTIMIZATION_LEVEL = "-Onone";
			};
			name = Debug;
		};
		2FBD22DB22E19F0600D9106D /* Release */ = {
			isa = XCBuildConfiguration;
			buildSettings = {
				ALWAYS_SEARCH_USER_PATHS = NO;
				CLANG_ANALYZER_NONNULL = YES;
				CLANG_ANALYZER_NUMBER_OBJECT_CONVERSION = YES_AGGRESSIVE;
				CLANG_CXX_LANGUAGE_STANDARD = "gnu++14";
				CLANG_CXX_LIBRARY = "libc++";
				CLANG_ENABLE_MODULES = YES;
				CLANG_ENABLE_OBJC_ARC = YES;
				CLANG_ENABLE_OBJC_WEAK = YES;
				CLANG_WARN_BLOCK_CAPTURE_AUTORELEASING = YES;
				CLANG_WARN_BOOL_CONVERSION = YES;
				CLANG_WARN_COMMA = YES;
				CLANG_WARN_CONSTANT_CONVERSION = YES;
				CLANG_WARN_DEPRECATED_OBJC_IMPLEMENTATIONS = YES;
				CLANG_WARN_DIRECT_OBJC_ISA_USAGE = YES_ERROR;
				CLANG_WARN_DOCUMENTATION_COMMENTS = YES;
				CLANG_WARN_EMPTY_BODY = YES;
				CLANG_WARN_ENUM_CONVERSION = YES;
				CLANG_WARN_INFINITE_RECURSION = YES;
				CLANG_WARN_INT_CONVERSION = YES;
				CLANG_WARN_NON_LITERAL_NULL_CONVERSION = YES;
				CLANG_WARN_OBJC_IMPLICIT_RETAIN_SELF = YES;
				CLANG_WARN_OBJC_LITERAL_CONVERSION = YES;
				CLANG_WARN_OBJC_ROOT_CLASS = YES_ERROR;
				CLANG_WARN_RANGE_LOOP_ANALYSIS = YES;
				CLANG_WARN_STRICT_PROTOTYPES = YES;
				CLANG_WARN_SUSPICIOUS_MOVE = YES;
				CLANG_WARN_UNGUARDED_AVAILABILITY = YES_AGGRESSIVE;
				CLANG_WARN_UNREACHABLE_CODE = YES;
				CLANG_WARN__DUPLICATE_METHOD_MATCH = YES;
				CODE_SIGN_IDENTITY = "Mac Developer";
				COPY_PHASE_STRIP = NO;
				DEBUG_INFORMATION_FORMAT = "dwarf-with-dsym";
				ENABLE_NS_ASSERTIONS = NO;
				ENABLE_STRICT_OBJC_MSGSEND = YES;
				GCC_C_LANGUAGE_STANDARD = gnu11;
				GCC_NO_COMMON_BLOCKS = YES;
				GCC_WARN_64_TO_32_BIT_CONVERSION = YES;
				GCC_WARN_ABOUT_RETURN_TYPE = YES_ERROR;
				GCC_WARN_UNDECLARED_SELECTOR = YES;
				GCC_WARN_UNINITIALIZED_AUTOS = YES_AGGRESSIVE;
				GCC_WARN_UNUSED_FUNCTION = YES;
				GCC_WARN_UNUSED_VARIABLE = YES;
				MACOSX_DEPLOYMENT_TARGET = 10.14;
				MTL_ENABLE_DEBUG_INFO = NO;
				MTL_FAST_MATH = YES;
				SDKROOT = macosx;
				SWIFT_COMPILATION_MODE = wholemodule;
				SWIFT_OPTIMIZATION_LEVEL = "-O";
			};
			name = Release;
		};
		2FBD22DD22E19F0600D9106D /* Debug */ = {
			isa = XCBuildConfiguration;
			buildSettings = {
				ASSETCATALOG_COMPILER_APPICON_NAME = AppIcon;
				CODE_SIGN_ENTITLEMENTS = HarmonicaPractice/HarmonicaPractice.entitlements;
				CODE_SIGN_STYLE = Automatic;
				COMBINE_HIDPI_IMAGES = YES;
				DEVELOPMENT_TEAM = 27ZAM6TRCF;
				INFOPLIST_FILE = HarmonicaPractice/Info.plist;
				LD_RUNPATH_SEARCH_PATHS = (
					"$(inherited)",
					"@executable_path/../Frameworks",
				);
				PRODUCT_BUNDLE_IDENTIFIER = yang.HarmonicaPractice;
				PRODUCT_NAME = "$(TARGET_NAME)";
				SWIFT_VERSION = 4.2;
			};
			name = Debug;
		};
		2FBD22DE22E19F0600D9106D /* Release */ = {
			isa = XCBuildConfiguration;
			buildSettings = {
				ASSETCATALOG_COMPILER_APPICON_NAME = AppIcon;
				CODE_SIGN_ENTITLEMENTS = HarmonicaPractice/HarmonicaPractice.entitlements;
				CODE_SIGN_STYLE = Automatic;
				COMBINE_HIDPI_IMAGES = YES;
				DEVELOPMENT_TEAM = 27ZAM6TRCF;
				INFOPLIST_FILE = HarmonicaPractice/Info.plist;
				LD_RUNPATH_SEARCH_PATHS = (
					"$(inherited)",
					"@executable_path/../Frameworks",
				);
				PRODUCT_BUNDLE_IDENTIFIER = yang.HarmonicaPractice;
				PRODUCT_NAME = "$(TARGET_NAME)";
				SWIFT_VERSION = 4.2;
			};
			name = Release;
		};
/* End XCBuildConfiguration section */

/* Begin XCConfigurationList section */
		2FBD22C422E19EFD00D9106D /* Build configuration list for PBXProject "HarmonicaPractice" */ = {
			isa = XCConfigurationList;
			buildConfigurations = (
				2FBD22DA22E19F0600D9106D /* Debug */,
				2FBD22DB22E19F0600D9106D /* Release */,
			);
			defaultConfigurationIsVisible = 0;
			defaultConfigurationName = Release;
		};
		2FBD22DC22E19F0600D9106D /* Build configuration list for PBXNativeTarget "HarmonicaPractice" */ = {
			isa = XCConfigurationList;
			buildConfigurations = (
				2FBD22DD22E19F0600D9106D /* Debug */,
				2FBD22DE22E19F0600D9106D /* Release */,
			);
			defaultConfigurationIsVisible = 0;
			defaultConfigurationName = Release;
		};
/* End XCConfigurationList section */

/* Begin XCVersionGroup section */
		2FBD22D022E19EFD00D9106D /* HarmonicaPractice.xcdatamodeld */ = {
			isa = XCVersionGroup;
			children = (
				2FBD22D122E19EFD00D9106D /* HarmonicaPractice.xcdatamodel */,
			);
			currentVersion = 2FBD22D122E19EFD00D9106D /* HarmonicaPractice.xcdatamodel */;
			path = HarmonicaPractice.xcdatamodeld;
			sourceTree = "<group>";
			versionGroupType = wrapper.xcdatamodel;
		};
/* End XCVersionGroup section */
	};
	rootObject = 2FBD22C122E19EFD00D9106D /* Project object */;
}
